Microsoft Visual Studio Solution File, Format Version 12.00
# Visual Studio Version 17
VisualStudioVersion = 17.5.2.0
MinimumVisualStudioVersion = 10.0.40219.1
Project("{FAE04EC0-301F-11D3-BF4B-00C04F79EFBC}") = "Presentation.Api", "Presentation.Api.csproj", "{DEED14E1-5449-8EFD-FA4E-2AA83EC20A4E}"
EndProject
Global
	GlobalSection(SolutionConfigurationPlatforms) = preSolution
		Debug|Any CPU = Debug|Any CPU
		Release|Any CPU = Release|Any CPU
	EndGlobalSection
	GlobalSection(ProjectConfigurationPlatforms) = postSolution
		{DEED14E1-5449-8EFD-FA4E-2AA83EC20A4E}.Debug|Any CPU.ActiveCfg = Debug|Any CPU
		{DEED14E1-5449-8EFD-FA4E-2AA83EC20A4E}.Debug|Any CPU.Build.0 = Debug|Any CPU
		{DEED14E1-5449-8EFD-FA4E-2AA83EC20A4E}.Release|Any CPU.ActiveCfg = Release|Any CPU
		{DEED14E1-5449-8EFD-FA4E-2AA83EC20A4E}.Release|Any CPU.Build.0 = Release|Any CPU
	EndGlobalSection
	GlobalSection(SolutionProperties) = preSolution
		HideSolutionNode = FALSE
	EndGlobalSection
	GlobalSection(ExtensibilityGlobals) = postSolution
		SolutionGuid = {2EE4A5F4-FF8C-4256-9B13-E887696E0E29}
	EndGlobalSection
EndGlobal
